
Microsoft Visual Studio Solution File, Format Version 12.00
# Visual Studio Version 17
VisualStudioVersion = 17.11.35219.272
MinimumVisualStudioVersion = 10.0.40219.1
Project("{FAE04EC0-301F-11D3-BF4B-00C04F79EFBC}") = "GymnasieArbete2025", "GymnasieArbete2025\GymnasieArbete2025.csproj", "{BFBB7A31-7373-4987-91ED-2E13D45EC056}"
EndProject
Global
	GlobalSection(SolutionConfigurationPlatforms) = preSolution
		Debug|Any CPU = Debug|Any CPU
		Release|Any CPU = Release|Any CPU
	EndGlobalSection
	GlobalSection(ProjectConfigurationPlatforms) = postSolution
		{BFBB7A31-7373-4987-91ED-2E13D45EC056}.Debug|Any CPU.ActiveCfg = Debug|Any CPU
		{BFBB7A31-7373-4987-91ED-2E13D45EC056}.Debug|Any CPU.Build.0 = Debug|Any CPU
		{BFBB7A31-7373-4987-91ED-2E13D45EC056}.Release|Any CPU.ActiveCfg = Release|Any CPU
		{BFBB7A31-7373-4987-91ED-2E13D45EC056}.Release|Any CPU.Build.0 = Release|Any CPU
	EndGlobalSection
	GlobalSection(SolutionProperties) = preSolution
		HideSolutionNode = FALSE
	EndGlobalSection
	GlobalSection(ExtensibilityGlobals) = postSolution
		SolutionGuid = {0B24D35E-33E6-4963-B3C1-B3E1762F51A2}
	EndGlobalSection
EndGlobal
